
Microsoft Visual Studio Solution File, Format Version 12.00
# Visual Studio 15
VisualStudioVersion = 15.0.26124.0
MinimumVisualStudioVersion = 15.0.26124.0
Project("{FAE04EC0-301F-11D3-BF4B-00C04F79EFBC}") = "DbDataReaderExtension", "DbDataReaderExtension\DbDataReaderExtension.csproj", "{02C82BFA-1F31-430D-BF70-9A6C4851DC4C}"
EndProject
Project("{FAE04EC0-301F-11D3-BF4B-00C04F79EFBC}") = "DbDataReaderExtension.Test", "DbDataReaderExtension.Test\DbDataReaderExtension.Test.csproj", "{B4BB1BB7-3A6B-4F05-8ADE-065FFC2734EE}"
EndProject
Global
	GlobalSection(SolutionConfigurationPlatforms) = preSolution
		Debug|Any CPU = Debug|Any CPU
		Debug|x64 = Debug|x64
		Debug|x86 = Debug|x86
		Release|Any CPU = Release|Any CPU
		Release|x64 = Release|x64
		Release|x86 = Release|x86
	EndGlobalSection
	GlobalSection(SolutionProperties) = preSolution
		HideSolutionNode = FALSE
	EndGlobalSection
	GlobalSection(ProjectConfigurationPlatforms) = postSolution
		{02C82BFA-1F31-430D-BF70-9A6C4851DC4C}.Debug|Any CPU.ActiveCfg = Debug|Any CPU
		{02C82BFA-1F31-430D-BF70-9A6C4851DC4C}.Debug|Any CPU.Build.0 = Debug|Any CPU
		{02C82BFA-1F31-430D-BF70-9A6C4851DC4C}.Debug|x64.ActiveCfg = Debug|Any CPU
		{02C82BFA-1F31-430D-BF70-9A6C4851DC4C}.Debug|x64.Build.0 = Debug|Any CPU
		{02C82BFA-1F31-430D-BF70-9A6C4851DC4C}.Debug|x86.ActiveCfg = Debug|Any CPU
		{02C82BFA-1F31-430D-BF70-9A6C4851DC4C}.Debug|x86.Build.0 = Debug|Any CPU
		{02C82BFA-1F31-430D-BF70-9A6C4851DC4C}.Release|Any CPU.ActiveCfg = Release|Any CPU
		{02C82BFA-1F31-430D-BF70-9A6C4851DC4C}.Release|Any CPU.Build.0 = Release|Any CPU
		{02C82BFA-1F31-430D-BF70-9A6C4851DC4C}.Release|x64.ActiveCfg = Release|Any CPU
		{02C82BFA-1F31-430D-BF70-9A6C4851DC4C}.Release|x64.Build.0 = Release|Any CPU
		{02C82BFA-1F31-430D-BF70-9A6C4851DC4C}.Release|x86.ActiveCfg = Release|Any CPU
		{02C82BFA-1F31-430D-BF70-9A6C4851DC4C}.Release|x86.Build.0 = Release|Any CPU
		{B4BB1BB7-3A6B-4F05-8ADE-065FFC2734EE}.Debug|Any CPU.ActiveCfg = Debug|Any CPU
		{B4BB1BB7-3A6B-4F05-8ADE-065FFC2734EE}.Debug|Any CPU.Build.0 = Debug|Any CPU
		{B4BB1BB7-3A6B-4F05-8ADE-065FFC2734EE}.Debug|x64.ActiveCfg = Debug|Any CPU
		{B4BB1BB7-3A6B-4F05-8ADE-065FFC2734EE}.Debug|x64.Build.0 = Debug|Any CPU
		{B4BB1BB7-3A6B-4F05-8ADE-065FFC2734EE}.Debug|x86.ActiveCfg = Debug|Any CPU
		{B4BB1BB7-3A6B-4F05-8ADE-065FFC2734EE}.Debug|x86.Build.0 = Debug|Any CPU
		{B4BB1BB7-3A6B-4F05-8ADE-065FFC2734EE}.Release|Any CPU.ActiveCfg = Release|Any CPU
		{B4BB1BB7-3A6B-4F05-8ADE-065FFC2734EE}.Release|Any CPU.Build.0 = Release|Any CPU
		{B4BB1BB7-3A6B-4F05-8ADE-065FFC2734EE}.Release|x64.ActiveCfg = Release|Any CPU
		{B4BB1BB7-3A6B-4F05-8ADE-065FFC2734EE}.Release|x64.Build.0 = Release|Any CPU
		{B4BB1BB7-3A6B-4F05-8ADE-065FFC2734EE}.Release|x86.ActiveCfg = Release|Any CPU
		{B4BB1BB7-3A6B-4F05-8ADE-065FFC2734EE}.Release|x86.Build.0 = Release|Any CPU
	EndGlobalSection
EndGlobal
